
Microsoft Visual Studio Solution File, Format Version 12.00
# Visual Studio Version 17
VisualStudioVersion = 17.11.35327.3
MinimumVisualStudioVersion = 10.0.40219.1
Project("{9A19103F-16F7-4668-BE54-9A1E7A4F7556}") = "Echokraut-Server", "Echokraut-Server\Echokraut-Server.csproj", "{24C8F08A-5E27-4A44-80C0-9D8DB7E061DB}"
EndProject
Global
	GlobalSection(SolutionConfigurationPlatforms) = preSolution
		Debug|Any CPU = Debug|Any CPU
		Release|Any CPU = Release|Any CPU
	EndGlobalSection
	GlobalSection(ProjectConfigurationPlatforms) = postSolution
		{24C8F08A-5E27-4A44-80C0-9D8DB7E061DB}.Debug|Any CPU.ActiveCfg = Debug|Any CPU
		{24C8F08A-5E27-4A44-80C0-9D8DB7E061DB}.Debug|Any CPU.Build.0 = Debug|Any CPU
		{24C8F08A-5E27-4A44-80C0-9D8DB7E061DB}.Release|Any CPU.ActiveCfg = Release|Any CPU
		{24C8F08A-5E27-4A44-80C0-9D8DB7E061DB}.Release|Any CPU.Build.0 = Release|Any CPU
	EndGlobalSection
	GlobalSection(SolutionProperties) = preSolution
		HideSolutionNode = FALSE
	EndGlobalSection
	GlobalSection(ExtensibilityGlobals) = postSolution
		SolutionGuid = {B37739F7-C881-4E22-9580-B1D929D9BA9D}
	EndGlobalSection
EndGlobal
